
Microsoft Visual Studio Solution File, Format Version 12.00
# Visual Studio Version 17
VisualStudioVersion = 17.6.33829.357
MinimumVisualStudioVersion = 10.0.40219.1
Project("{FAE04EC0-301F-11D3-BF4B-00C04F79EFBC}") = "Office", "Office\Office.csproj", "{A1B51488-7763-40B6-9406-4E34C7DBC476}"
EndProject
Global
	GlobalSection(SolutionConfigurationPlatforms) = preSolution
		Debug|Any CPU = Debug|Any CPU
		Release|Any CPU = Release|Any CPU
	EndGlobalSection
	GlobalSection(ProjectConfigurationPlatforms) = postSolution
		{A1B51488-7763-40B6-9406-4E34C7DBC476}.Debug|Any CPU.ActiveCfg = Debug|Any CPU
		{A1B51488-7763-40B6-9406-4E34C7DBC476}.Debug|Any CPU.Build.0 = Debug|Any CPU
		{A1B51488-7763-40B6-9406-4E34C7DBC476}.Release|Any CPU.ActiveCfg = Release|Any CPU
		{A1B51488-7763-40B6-9406-4E34C7DBC476}.Release|Any CPU.Build.0 = Release|Any CPU
	EndGlobalSection
	GlobalSection(SolutionProperties) = preSolution
		HideSolutionNode = FALSE
	EndGlobalSection
	GlobalSection(ExtensibilityGlobals) = postSolution
		SolutionGuid = {C7892583-1789-4FE7-BFF0-62F787BA316E}
	EndGlobalSection
EndGlobal
